
Microsoft Visual Studio Solution File, Format Version 12.00
# Visual Studio Version 16
VisualStudioVersion = 16.0.29215.179
MinimumVisualStudioVersion = 10.0.40219.1
Project("{9A19103F-16F7-4668-BE54-9A1E7A4F7556}") = "TheBreakfastClub", "TheBreakfastClub.csproj", "{E2669574-C617-427F-B510-B96E46B2605D}"
EndProject
Global
	GlobalSection(SolutionConfigurationPlatforms) = preSolution
		Debug|Any CPU = Debug|Any CPU
		Release|Any CPU = Release|Any CPU
	EndGlobalSection
	GlobalSection(ProjectConfigurationPlatforms) = postSolution
		{E2669574-C617-427F-B510-B96E46B2605D}.Debug|Any CPU.ActiveCfg = Debug|Any CPU
		{E2669574-C617-427F-B510-B96E46B2605D}.Debug|Any CPU.Build.0 = Debug|Any CPU
		{E2669574-C617-427F-B510-B96E46B2605D}.Release|Any CPU.ActiveCfg = Release|Any CPU
		{E2669574-C617-427F-B510-B96E46B2605D}.Release|Any CPU.Build.0 = Release|Any CPU
	EndGlobalSection
	GlobalSection(SolutionProperties) = preSolution
		HideSolutionNode = FALSE
	EndGlobalSection
	GlobalSection(ExtensibilityGlobals) = postSolution
		SolutionGuid = {C6167D55-AC24-4C7C-B2E3-7E18126EAEAA}
	EndGlobalSection
EndGlobal
