
Microsoft Visual Studio Solution File, Format Version 12.00
# Visual Studio Version 16
VisualStudioVersion = 16.0.29215.179
MinimumVisualStudioVersion = 10.0.40219.1
Project("{9A19103F-16F7-4668-BE54-9A1E7A4F7556}") = "TheBreakfastClub", "..\BreakfastClub-master\TheBreakfastClub.csproj", "{3B2261B8-546B-469F-AE9B-181DAE97D34F}"
EndProject
Global
	GlobalSection(SolutionConfigurationPlatforms) = preSolution
		Debug|Any CPU = Debug|Any CPU
		Release|Any CPU = Release|Any CPU
	EndGlobalSection
	GlobalSection(ProjectConfigurationPlatforms) = postSolution
		{3B2261B8-546B-469F-AE9B-181DAE97D34F}.Debug|Any CPU.ActiveCfg = Debug|Any CPU
		{3B2261B8-546B-469F-AE9B-181DAE97D34F}.Debug|Any CPU.Build.0 = Debug|Any CPU
		{3B2261B8-546B-469F-AE9B-181DAE97D34F}.Release|Any CPU.ActiveCfg = Release|Any CPU
		{3B2261B8-546B-469F-AE9B-181DAE97D34F}.Release|Any CPU.Build.0 = Release|Any CPU
	EndGlobalSection
	GlobalSection(SolutionProperties) = preSolution
		HideSolutionNode = FALSE
	EndGlobalSection
	GlobalSection(ExtensibilityGlobals) = postSolution
		SolutionGuid = {ECA8E24F-FDB4-4DCE-9CEF-538A6846AA0D}
	EndGlobalSection
EndGlobal
